
Microsoft Visual Studio Solution File, Format Version 12.00
# Visual Studio Version 16
VisualStudioVersion = 16.0.31702.278
MinimumVisualStudioVersion = 10.0.40219.1
Project("{9A19103F-16F7-4668-BE54-9A1E7A4F7556}") = "aditionalTask", "aditionalTask\aditionalTask.csproj", "{F5E0A34F-5625-4DF3-9889-0D8B1D54FD57}"
EndProject
Project("{FAE04EC0-301F-11D3-BF4B-00C04F79EFBC}") = "Task2", "Task2\Task2.csproj", "{BF5687A4-03C1-4115-B548-E4E0C509D253}"
EndProject
Global
	GlobalSection(SolutionConfigurationPlatforms) = preSolution
		Debug|Any CPU = Debug|Any CPU
		Release|Any CPU = Release|Any CPU
	EndGlobalSection
	GlobalSection(ProjectConfigurationPlatforms) = postSolution
		{F5E0A34F-5625-4DF3-9889-0D8B1D54FD57}.Debug|Any CPU.ActiveCfg = Debug|Any CPU
		{F5E0A34F-5625-4DF3-9889-0D8B1D54FD57}.Debug|Any CPU.Build.0 = Debug|Any CPU
		{F5E0A34F-5625-4DF3-9889-0D8B1D54FD57}.Release|Any CPU.ActiveCfg = Release|Any CPU
		{F5E0A34F-5625-4DF3-9889-0D8B1D54FD57}.Release|Any CPU.Build.0 = Release|Any CPU
		{BF5687A4-03C1-4115-B548-E4E0C509D253}.Debug|Any CPU.ActiveCfg = Debug|Any CPU
		{BF5687A4-03C1-4115-B548-E4E0C509D253}.Debug|Any CPU.Build.0 = Debug|Any CPU
		{BF5687A4-03C1-4115-B548-E4E0C509D253}.Release|Any CPU.ActiveCfg = Release|Any CPU
		{BF5687A4-03C1-4115-B548-E4E0C509D253}.Release|Any CPU.Build.0 = Release|Any CPU
	EndGlobalSection
	GlobalSection(SolutionProperties) = preSolution
		HideSolutionNode = FALSE
	EndGlobalSection
	GlobalSection(ExtensibilityGlobals) = postSolution
		SolutionGuid = {D23746D3-721F-473A-A5C2-5E3E9FB8ED67}
	EndGlobalSection
EndGlobal
